{
  "version": 4,
  "terraform_version": "1.1.2",
  "serial": 1,
  "lineage": "2be12601-3a18-bceb-f28f-3061245a8dec",
  "outputs": {},
  "resources": [
    {
      "mode": "managed",
      "type": "proxmox_vm_qemu",
      "name": "k3s_server",
      "provider": "provider[\"registry.terraform.io/telmate/proxmox\"]",
      "instances": [
        {
          "index_key": 0,
          "schema_version": 0,
          "attributes": {
            "additional_wait": 0,
            "agent": 1,
            "args": "",
            "balloon": 0,
            "bios": "seabios",
            "boot": "c",
            "bootdisk": "scsi0",
            "bridge": "",
            "ci_wait": null,
            "cicustom": "",
            "cipassword": "",
            "ciuser": "",
            "clone": "debian-11-cloudinit-template",
            "clone_wait": 0,
            "cloudinit_cdrom_storage": null,
            "cores": 4,
            "cpu": "host",
            "default_ipv4_address": "192.168.0.28",
            "define_connection_info": true,
            "desc": "",
            "disk": [
              {
                "backup": 0,
                "cache": "none",
                "discard": "",
                "file": "vm-101-disk-0",
                "format": "raw",
                "iothread": 1,
                "mbps": 0,
                "mbps_rd": 0,
                "mbps_rd_max": 0,
                "mbps_wr": 0,
                "mbps_wr_max": 0,
                "media": "",
                "replicate": 0,
                "size": "45G",
                "slot": 0,
                "ssd": 0,
                "storage": "castle-large",
                "storage_type": "zfspool",
                "type": "scsi",
                "volume": "castle-large:vm-101-disk-0"
              }
            ],
            "disk_gb": 0,
            "force_create": false,
            "force_recreate_on_change_of": null,
            "full_clone": true,
            "guest_agent_ready_timeout": 100,
            "hagroup": "",
            "hastate": "",
            "hotplug": "network,disk,usb",
            "id": "pve/qemu/101",
            "ipconfig0": "ip=192.168.0.112/24,gw=192.168.0.1",
            "ipconfig1": "",
            "ipconfig2": "",
            "ipconfig3": "",
            "ipconfig4": "",
            "ipconfig5": "",
            "iso": null,
            "kvm": true,
            "mac": "",
            "memory": 4096,
            "name": "k3s-1",
            "nameserver": "",
            "network": [
              {
                "bridge": "vmbr0",
                "firewall": false,
                "link_down": false,
                "macaddr": "12:45:C6:DD:23:3F",
                "model": "virtio",
                "queues": 0,
                "rate": 0,
                "tag": -1
              }
            ],
            "nic": "",
            "numa": false,
            "onboot": false,
            "oncreate": true,
            "os_network_config": null,
            "os_type": "cloud-init",
            "pool": "",
            "preprovision": true,
            "qemu_os": "other",
            "reboot_required": false,
            "scsihw": "virtio-scsi-pci",
            "searchdomain": "",
            "serial": [],
            "sockets": 1,
            "ssh_forward_ip": null,
            "ssh_host": "192.168.0.28",
            "ssh_port": "22",
            "ssh_private_key": null,
            "ssh_user": null,
            "sshkeys": "  ssh-rsa AAAAB3NzaC1yc2EAAAADAQABAAABAQCXHN6rcPC2usnCGFmGVlXldu/0eDPli5/+Abpt6GAqzp/3lGS6rwthaP0LUgaTeecYj4f90QyrUYRhLP5YjupAS9MFmJSHokIU6dogD3jusHq21ORfpHpXIFn8frNCHUjLTD/lqpzGjDWbPMuF3bwr0PWO7Vk0TnHBtKSxYNr7L+jduTyFl90Yl3ZES+52soeP3T36RVThSCWWZc9NFpPNMCwPgr3qjgkyDKHz4dV5AJaOyTtPjK2Wr40pOEDbX0G4V/+wRhIhsX2vnBq23jU/xcGS4qO3wMnaabcFe/gHsePi0JduXuYu86CMFiqR0dkZJGm2upUumL0QlIF//iyN AlmaLinux8\n\n",
            "storage": "",
            "storage_type": "",
            "tablet": true,
            "tags": "",
            "target_node": "pve",
            "timeouts": null,
            "unused_disk": [],
            "vcpus": 0,
            "vga": [],
            "vlan": -1,
            "vmid": null
          },
          "sensitive_attributes": [],
          "private": "eyJlMmJmYjczMC1lY2FhLTExZTYtOGY4OC0zNDM2M2JjN2M0YzAiOnsiY3JlYXRlIjozMDAwMDAwMDAwMDAsImRlZmF1bHQiOjMwMDAwMDAwMDAwMCwiZGVsZXRlIjoxODAwMDAwMDAwMDAsInJlYWQiOjE4MDAwMDAwMDAwMCwidXBkYXRlIjoxODAwMDAwMDAwMDB9fQ=="
        }
      ]
    }
  ]
}
